
Microsoft Visual Studio Solution File, Format Version 12.00
# Visual Studio Version 17
VisualStudioVersion = 17.11.35303.130
MinimumVisualStudioVersion = 10.0.40219.1
Project("{2150E333-8FDC-42A3-9474-1A3956D46DE8}") = "Task0", "Task0", "{8B2B718F-A985-4B9E-A62F-9714D41ED40F}"
EndProject
Project("{9A19103F-16F7-4668-BE54-9A1E7A4F7556}") = "Tyuiu.FabritsiusAO.Sprint3.Task0.V17", "Tyuiu.FabritsiusAO.Sprint3.Task0.V17\Tyuiu.FabritsiusAO.Sprint3.Task0.V17.csproj", "{73CF45E6-93A1-4746-B06F-96727399BE60}"
EndProject
Project("{9A19103F-16F7-4668-BE54-9A1E7A4F7556}") = "Tyuiu.FabritsiusAO.Sprint3.Task0.V17.Test", "Tyuiu.FabritsiusAO.Sprint3.Task0.V17.Test\Tyuiu.FabritsiusAO.Sprint3.Task0.V17.Test.csproj", "{90745227-7403-43C7-8AF3-EF133B039E86}"
EndProject
Project("{9A19103F-16F7-4668-BE54-9A1E7A4F7556}") = "Tyuiu.FabritsiusAO.Sprint3.Task0.V17.Lib", "Tyuiu.FabritsiusAO.Sprint3.Task0.V17.Lib\Tyuiu.FabritsiusAO.Sprint3.Task0.V17.Lib.csproj", "{A7BB45D2-441A-435F-BA09-8E15E50AC7FF}"
EndProject
Project("{2150E333-8FDC-42A3-9474-1A3956D46DE8}") = "Task1", "Task1", "{556384DB-1CF7-4C87-A899-71127BDD4CD5}"
EndProject
Project("{9A19103F-16F7-4668-BE54-9A1E7A4F7556}") = "Tyuiu.FabritsiusAO.Sprint3.Task1.V17", "Tyuiu.FabritsiusAO.Sprint3.Task1.V17\Tyuiu.FabritsiusAO.Sprint3.Task1.V17.csproj", "{75DA27FB-2759-4DAE-ACBC-B63894494D50}"
EndProject
Project("{9A19103F-16F7-4668-BE54-9A1E7A4F7556}") = "Tyuiu.FabritsiusAO.Sprint3.Task1.V17.Lib", "Tyuiu.FabritsiusAO.Sprint3.Task1.V17.Lib\Tyuiu.FabritsiusAO.Sprint3.Task1.V17.Lib.csproj", "{C5408C34-2473-4ADF-BFE6-EE708F479AEE}"
EndProject
Project("{9A19103F-16F7-4668-BE54-9A1E7A4F7556}") = "Tyuiu.FabritsiusAO.Sprint3.Task1.V17.Test", "Tyuiu.FabritsiusAO.Sprint3.Task1.V17.Test\Tyuiu.FabritsiusAO.Sprint3.Task1.V17.Test.csproj", "{653A206E-7CE6-4783-851F-761ECC15A799}"
EndProject
Project("{2150E333-8FDC-42A3-9474-1A3956D46DE8}") = "Task2", "Task2", "{8C23F40A-C910-45B7-8EDB-96E8D50F275B}"
EndProject
Project("{9A19103F-16F7-4668-BE54-9A1E7A4F7556}") = "Tyuiu.FabritsiusAO.Sprint3.Task2.V8", "Tyuiu.FabritsiusAO.Sprint3.Task2.V8\Tyuiu.FabritsiusAO.Sprint3.Task2.V8.csproj", "{E1C8DEBA-6175-44B0-A1FD-6019F3B89A71}"
EndProject
Project("{9A19103F-16F7-4668-BE54-9A1E7A4F7556}") = "Tyuiu.FabritsiusAO.Sprint3.Task2.V8.Lib", "Tyuiu.FabritsiusAO.Sprint3.Task2.V8.Lib\Tyuiu.FabritsiusAO.Sprint3.Task2.V8.Lib.csproj", "{971AE4F4-266E-4B02-9CC1-D5456386D27F}"
EndProject
Project("{9A19103F-16F7-4668-BE54-9A1E7A4F7556}") = "Tyuiu.FabritsiusAO.Sprint3.Task2.V8.Test", "Tyuiu.FabritsiusAO.Sprint3.Task2.V8.Test\Tyuiu.FabritsiusAO.Sprint3.Task2.V8.Test.csproj", "{622AA793-545E-4D07-9CC5-B3868562C2F0}"
EndProject
Project("{2150E333-8FDC-42A3-9474-1A3956D46DE8}") = "Task3", "Task3", "{261237A8-173B-4D6F-8E33-5441E8AB20F9}"
EndProject
Project("{9A19103F-16F7-4668-BE54-9A1E7A4F7556}") = "Tyuiu.FabritsiusAO.Sprint3.Task3.V16", "Tyuiu.FabritsiusAO.Sprint3.Task3.V16\Tyuiu.FabritsiusAO.Sprint3.Task3.V16.csproj", "{E196F983-B934-4612-A0F5-88A29CF9C62E}"
EndProject
Project("{9A19103F-16F7-4668-BE54-9A1E7A4F7556}") = "Tyuiu.FabritsiusAO.Sprint3.Task3.V16.Test", "Tyuiu.FabritsiusAO.Sprint3.Task3.V16.Test\Tyuiu.FabritsiusAO.Sprint3.Task3.V16.Test.csproj", "{73E994A6-C0B7-4F64-8457-D3C39ECBF871}"
EndProject
Project("{9A19103F-16F7-4668-BE54-9A1E7A4F7556}") = "Tyuiu.FabritsiusAO.Sprint3.Task3.V16.Lib", "Tyuiu.FabritsiusAO.Sprint3.Task3.V16.Lib\Tyuiu.FabritsiusAO.Sprint3.Task3.V16.Lib.csproj", "{31EFD499-EC4E-4665-AC55-32C1E7F4D44F}"
EndProject
Project("{2150E333-8FDC-42A3-9474-1A3956D46DE8}") = "Task4", "Task4", "{B96A36CA-B03A-450D-9824-A831DA9B5AFB}"
EndProject
Project("{9A19103F-16F7-4668-BE54-9A1E7A4F7556}") = "Tyuiu.FabritsiusAO.Sprint3.Task4.V19", "Tyuiu.FabritsiusAO.Sprint3.Task4.V19\Tyuiu.FabritsiusAO.Sprint3.Task4.V19.csproj", "{6EB7C172-90C5-44AC-81A2-80EBA4DDA3C2}"
EndProject
Project("{9A19103F-16F7-4668-BE54-9A1E7A4F7556}") = "Tyuiu.FabritsiusAO.Sprint3.Task4.V19.Lib", "Tyuiu.FabritsiusAO.Sprint3.Task4.V19.Lib\Tyuiu.FabritsiusAO.Sprint3.Task4.V19.Lib.csproj", "{67B20F5B-2E67-4006-9BF2-FAE9513B7F7B}"
EndProject
Project("{9A19103F-16F7-4668-BE54-9A1E7A4F7556}") = "Tyuiu.FabritsiusAO.Sprint3.Task4.V19.Test", "Tyuiu.FabritsiusAO.Sprint3.Task4.V19.Test\Tyuiu.FabritsiusAO.Sprint3.Task4.V19.Test.csproj", "{4395C0F0-4D8F-41E3-8696-7924F1BFDA61}"
EndProject
Project("{2150E333-8FDC-42A3-9474-1A3956D46DE8}") = "Task5", "Task5", "{904A40AB-BDBD-4702-9916-50F5D8FB18CB}"
EndProject
Project("{9A19103F-16F7-4668-BE54-9A1E7A4F7556}") = "Tyuiu.FabritsiusAO.Sprint3.Task5.V29", "Tyuiu.FabritsiusAO.Sprint3.Task5.V29\Tyuiu.FabritsiusAO.Sprint3.Task5.V29.csproj", "{0A0E9EC4-2EC3-4F43-98E4-D2F214BD659F}"
EndProject
Project("{9A19103F-16F7-4668-BE54-9A1E7A4F7556}") = "Tyuiu.FabritsiusAO.Sprint3.Task5.V29.Lib", "Tyuiu.FabritsiusAO.Sprint3.Task5.V29.Lib\Tyuiu.FabritsiusAO.Sprint3.Task5.V29.Lib.csproj", "{5ACCA121-989E-44CA-B398-A96C1EEAEF3D}"
EndProject
Project("{9A19103F-16F7-4668-BE54-9A1E7A4F7556}") = "Tyuiu.FabritsiusAO.Sprint3.Task5.V29.Test", "Tyuiu.FabritsiusAO.Sprint3.Task5.V29.Test\Tyuiu.FabritsiusAO.Sprint3.Task5.V29.Test.csproj", "{0E9D9CA9-3919-4AC8-9ABD-DDC573D71712}"
EndProject
Project("{2150E333-8FDC-42A3-9474-1A3956D46DE8}") = "Task6", "Task6", "{196DE92A-8E06-4E50-8871-90DF9AB3ECD2}"
EndProject
Project("{FAE04EC0-301F-11D3-BF4B-00C04F79EFBC}") = "Tyuiu.FabritsiusAO.Sprint3.Task6.V14", "Tyuiu.FabritsiusAO.Sprint3.Task6.V14\Tyuiu.FabritsiusAO.Sprint3.Task6.V14.csproj", "{6A85C5CE-E499-4C71-8510-C369C42B5253}"
EndProject
Project("{FAE04EC0-301F-11D3-BF4B-00C04F79EFBC}") = "Tyuiu.FabritsiusAO.Sprint3.Task6.V14.Lib", "Tyuiu.FabritsiusAO.Sprint3.Task6.V14.Lib\Tyuiu.FabritsiusAO.Sprint3.Task6.V14.Lib.csproj", "{023B8B21-56E4-4BB0-A3E2-5118650C3B90}"
EndProject
Project("{FAE04EC0-301F-11D3-BF4B-00C04F79EFBC}") = "Tyuiu.FabritsiusAO.Sprint3.Task6.V14.Test", "Tyuiu.FabritsiusAO.Sprint3.Task6.V14.Test\Tyuiu.FabritsiusAO.Sprint3.Task6.V14.Test.csproj", "{5EBC9EE3-89BF-4904-978A-0AC36FCF156C}"
EndProject
Global
	GlobalSection(SolutionConfigurationPlatforms) = preSolution
		Debug|Any CPU = Debug|Any CPU
		Release|Any CPU = Release|Any CPU
	EndGlobalSection
	GlobalSection(ProjectConfigurationPlatforms) = postSolution
		{73CF45E6-93A1-4746-B06F-96727399BE60}.Debug|Any CPU.ActiveCfg = Debug|Any CPU
		{73CF45E6-93A1-4746-B06F-96727399BE60}.Debug|Any CPU.Build.0 = Debug|Any CPU
		{73CF45E6-93A1-4746-B06F-96727399BE60}.Release|Any CPU.ActiveCfg = Release|Any CPU
		{73CF45E6-93A1-4746-B06F-96727399BE60}.Release|Any CPU.Build.0 = Release|Any CPU
		{90745227-7403-43C7-8AF3-EF133B039E86}.Debug|Any CPU.ActiveCfg = Debug|Any CPU
		{90745227-7403-43C7-8AF3-EF133B039E86}.Debug|Any CPU.Build.0 = Debug|Any CPU
		{90745227-7403-43C7-8AF3-EF133B039E86}.Release|Any CPU.ActiveCfg = Release|Any CPU
		{90745227-7403-43C7-8AF3-EF133B039E86}.Release|Any CPU.Build.0 = Release|Any CPU
		{A7BB45D2-441A-435F-BA09-8E15E50AC7FF}.Debug|Any CPU.ActiveCfg = Debug|Any CPU
		{A7BB45D2-441A-435F-BA09-8E15E50AC7FF}.Debug|Any CPU.Build.0 = Debug|Any CPU
		{A7BB45D2-441A-435F-BA09-8E15E50AC7FF}.Release|Any CPU.ActiveCfg = Release|Any CPU
		{A7BB45D2-441A-435F-BA09-8E15E50AC7FF}.Release|Any CPU.Build.0 = Release|Any CPU
		{75DA27FB-2759-4DAE-ACBC-B63894494D50}.Debug|Any CPU.ActiveCfg = Debug|Any CPU
		{75DA27FB-2759-4DAE-ACBC-B63894494D50}.Debug|Any CPU.Build.0 = Debug|Any CPU
		{75DA27FB-2759-4DAE-ACBC-B63894494D50}.Release|Any CPU.ActiveCfg = Release|Any CPU
		{75DA27FB-2759-4DAE-ACBC-B63894494D50}.Release|Any CPU.Build.0 = Release|Any CPU
		{C5408C34-2473-4ADF-BFE6-EE708F479AEE}.Debug|Any CPU.ActiveCfg = Debug|Any CPU
		{C5408C34-2473-4ADF-BFE6-EE708F479AEE}.Debug|Any CPU.Build.0 = Debug|Any CPU
		{C5408C34-2473-4ADF-BFE6-EE708F479AEE}.Release|Any CPU.ActiveCfg = Release|Any CPU
		{C5408C34-2473-4ADF-BFE6-EE708F479AEE}.Release|Any CPU.Build.0 = Release|Any CPU
		{653A206E-7CE6-4783-851F-761ECC15A799}.Debug|Any CPU.ActiveCfg = Debug|Any CPU
		{653A206E-7CE6-4783-851F-761ECC15A799}.Debug|Any CPU.Build.0 = Debug|Any CPU
		{653A206E-7CE6-4783-851F-761ECC15A799}.Release|Any CPU.ActiveCfg = Release|Any CPU
		{653A206E-7CE6-4783-851F-761ECC15A799}.Release|Any CPU.Build.0 = Release|Any CPU
		{E1C8DEBA-6175-44B0-A1FD-6019F3B89A71}.Debug|Any CPU.ActiveCfg = Debug|Any CPU
		{E1C8DEBA-6175-44B0-A1FD-6019F3B89A71}.Debug|Any CPU.Build.0 = Debug|Any CPU
		{E1C8DEBA-6175-44B0-A1FD-6019F3B89A71}.Release|Any CPU.ActiveCfg = Release|Any CPU
		{E1C8DEBA-6175-44B0-A1FD-6019F3B89A71}.Release|Any CPU.Build.0 = Release|Any CPU
		{971AE4F4-266E-4B02-9CC1-D5456386D27F}.Debug|Any CPU.ActiveCfg = Debug|Any CPU
		{971AE4F4-266E-4B02-9CC1-D5456386D27F}.Debug|Any CPU.Build.0 = Debug|Any CPU
		{971AE4F4-266E-4B02-9CC1-D5456386D27F}.Release|Any CPU.ActiveCfg = Release|Any CPU
		{971AE4F4-266E-4B02-9CC1-D5456386D27F}.Release|Any CPU.Build.0 = Release|Any CPU
		{622AA793-545E-4D07-9CC5-B3868562C2F0}.Debug|Any CPU.ActiveCfg = Debug|Any CPU
		{622AA793-545E-4D07-9CC5-B3868562C2F0}.Debug|Any CPU.Build.0 = Debug|Any CPU
		{622AA793-545E-4D07-9CC5-B3868562C2F0}.Release|Any CPU.ActiveCfg = Release|Any CPU
		{622AA793-545E-4D07-9CC5-B3868562C2F0}.Release|Any CPU.Build.0 = Release|Any CPU
		{E196F983-B934-4612-A0F5-88A29CF9C62E}.Debug|Any CPU.ActiveCfg = Debug|Any CPU
		{E196F983-B934-4612-A0F5-88A29CF9C62E}.Debug|Any CPU.Build.0 = Debug|Any CPU
		{E196F983-B934-4612-A0F5-88A29CF9C62E}.Release|Any CPU.ActiveCfg = Release|Any CPU
		{E196F983-B934-4612-A0F5-88A29CF9C62E}.Release|Any CPU.Build.0 = Release|Any CPU
		{73E994A6-C0B7-4F64-8457-D3C39ECBF871}.Debug|Any CPU.ActiveCfg = Debug|Any CPU
		{73E994A6-C0B7-4F64-8457-D3C39ECBF871}.Debug|Any CPU.Build.0 = Debug|Any CPU
		{73E994A6-C0B7-4F64-8457-D3C39ECBF871}.Release|Any CPU.ActiveCfg = Release|Any CPU
		{73E994A6-C0B7-4F64-8457-D3C39ECBF871}.Release|Any CPU.Build.0 = Release|Any CPU
		{31EFD499-EC4E-4665-AC55-32C1E7F4D44F}.Debug|Any CPU.ActiveCfg = Debug|Any CPU
		{31EFD499-EC4E-4665-AC55-32C1E7F4D44F}.Debug|Any CPU.Build.0 = Debug|Any CPU
		{31EFD499-EC4E-4665-AC55-32C1E7F4D44F}.Release|Any CPU.ActiveCfg = Release|Any CPU
		{31EFD499-EC4E-4665-AC55-32C1E7F4D44F}.Release|Any CPU.Build.0 = Release|Any CPU
		{6EB7C172-90C5-44AC-81A2-80EBA4DDA3C2}.Debug|Any CPU.ActiveCfg = Debug|Any CPU
		{6EB7C172-90C5-44AC-81A2-80EBA4DDA3C2}.Debug|Any CPU.Build.0 = Debug|Any CPU
		{6EB7C172-90C5-44AC-81A2-80EBA4DDA3C2}.Release|Any CPU.ActiveCfg = Release|Any CPU
		{6EB7C172-90C5-44AC-81A2-80EBA4DDA3C2}.Release|Any CPU.Build.0 = Release|Any CPU
		{67B20F5B-2E67-4006-9BF2-FAE9513B7F7B}.Debug|Any CPU.ActiveCfg = Debug|Any CPU
		{67B20F5B-2E67-4006-9BF2-FAE9513B7F7B}.Debug|Any CPU.Build.0 = Debug|Any CPU
		{67B20F5B-2E67-4006-9BF2-FAE9513B7F7B}.Release|Any CPU.ActiveCfg = Release|Any CPU
		{67B20F5B-2E67-4006-9BF2-FAE9513B7F7B}.Release|Any CPU.Build.0 = Release|Any CPU
		{4395C0F0-4D8F-41E3-8696-7924F1BFDA61}.Debug|Any CPU.ActiveCfg = Debug|Any CPU
		{4395C0F0-4D8F-41E3-8696-7924F1BFDA61}.Debug|Any CPU.Build.0 = Debug|Any CPU
		{4395C0F0-4D8F-41E3-8696-7924F1BFDA61}.Release|Any CPU.ActiveCfg = Release|Any CPU
		{4395C0F0-4D8F-41E3-8696-7924F1BFDA61}.Release|Any CPU.Build.0 = Release|Any CPU
		{0A0E9EC4-2EC3-4F43-98E4-D2F214BD659F}.Debug|Any CPU.ActiveCfg = Debug|Any CPU
		{0A0E9EC4-2EC3-4F43-98E4-D2F214BD659F}.Debug|Any CPU.Build.0 = Debug|Any CPU
		{0A0E9EC4-2EC3-4F43-98E4-D2F214BD659F}.Release|Any CPU.ActiveCfg = Release|Any CPU
		{0A0E9EC4-2EC3-4F43-98E4-D2F214BD659F}.Release|Any CPU.Build.0 = Release|Any CPU
		{5ACCA121-989E-44CA-B398-A96C1EEAEF3D}.Debug|Any CPU.ActiveCfg = Debug|Any CPU
		{5ACCA121-989E-44CA-B398-A96C1EEAEF3D}.Debug|Any CPU.Build.0 = Debug|Any CPU
		{5ACCA121-989E-44CA-B398-A96C1EEAEF3D}.Release|Any CPU.ActiveCfg = Release|Any CPU
		{5ACCA121-989E-44CA-B398-A96C1EEAEF3D}.Release|Any CPU.Build.0 = Release|Any CPU
		{0E9D9CA9-3919-4AC8-9ABD-DDC573D71712}.Debug|Any CPU.ActiveCfg = Debug|Any CPU
		{0E9D9CA9-3919-4AC8-9ABD-DDC573D71712}.Debug|Any CPU.Build.0 = Debug|Any CPU
		{0E9D9CA9-3919-4AC8-9ABD-DDC573D71712}.Release|Any CPU.ActiveCfg = Release|Any CPU
		{0E9D9CA9-3919-4AC8-9ABD-DDC573D71712}.Release|Any CPU.Build.0 = Release|Any CPU
		{6A85C5CE-E499-4C71-8510-C369C42B5253}.Debug|Any CPU.ActiveCfg = Debug|Any CPU
		{6A85C5CE-E499-4C71-8510-C369C42B5253}.Debug|Any CPU.Build.0 = Debug|Any CPU
		{6A85C5CE-E499-4C71-8510-C369C42B5253}.Release|Any CPU.ActiveCfg = Release|Any CPU
		{6A85C5CE-E499-4C71-8510-C369C42B5253}.Release|Any CPU.Build.0 = Release|Any CPU
		{023B8B21-56E4-4BB0-A3E2-5118650C3B90}.Debug|Any CPU.ActiveCfg = Debug|Any CPU
		{023B8B21-56E4-4BB0-A3E2-5118650C3B90}.Debug|Any CPU.Build.0 = Debug|Any CPU
		{023B8B21-56E4-4BB0-A3E2-5118650C3B90}.Release|Any CPU.ActiveCfg = Release|Any CPU
		{023B8B21-56E4-4BB0-A3E2-5118650C3B90}.Release|Any CPU.Build.0 = Release|Any CPU
		{5EBC9EE3-89BF-4904-978A-0AC36FCF156C}.Debug|Any CPU.ActiveCfg = Debug|Any CPU
		{5EBC9EE3-89BF-4904-978A-0AC36FCF156C}.Debug|Any CPU.Build.0 = Debug|Any CPU
		{5EBC9EE3-89BF-4904-978A-0AC36FCF156C}.Release|Any CPU.ActiveCfg = Release|Any CPU
		{5EBC9EE3-89BF-4904-978A-0AC36FCF156C}.Release|Any CPU.Build.0 = Release|Any CPU
	EndGlobalSection
	GlobalSection(SolutionProperties) = preSolution
		HideSolutionNode = FALSE
	EndGlobalSection
	GlobalSection(NestedProjects) = preSolution
		{73CF45E6-93A1-4746-B06F-96727399BE60} = {8B2B718F-A985-4B9E-A62F-9714D41ED40F}
		{90745227-7403-43C7-8AF3-EF133B039E86} = {8B2B718F-A985-4B9E-A62F-9714D41ED40F}
		{A7BB45D2-441A-435F-BA09-8E15E50AC7FF} = {8B2B718F-A985-4B9E-A62F-9714D41ED40F}
		{75DA27FB-2759-4DAE-ACBC-B63894494D50} = {556384DB-1CF7-4C87-A899-71127BDD4CD5}
		{C5408C34-2473-4ADF-BFE6-EE708F479AEE} = {556384DB-1CF7-4C87-A899-71127BDD4CD5}
		{653A206E-7CE6-4783-851F-761ECC15A799} = {556384DB-1CF7-4C87-A899-71127BDD4CD5}
		{E1C8DEBA-6175-44B0-A1FD-6019F3B89A71} = {8C23F40A-C910-45B7-8EDB-96E8D50F275B}
		{971AE4F4-266E-4B02-9CC1-D5456386D27F} = {8C23F40A-C910-45B7-8EDB-96E8D50F275B}
		{622AA793-545E-4D07-9CC5-B3868562C2F0} = {8C23F40A-C910-45B7-8EDB-96E8D50F275B}
		{E196F983-B934-4612-A0F5-88A29CF9C62E} = {261237A8-173B-4D6F-8E33-5441E8AB20F9}
		{73E994A6-C0B7-4F64-8457-D3C39ECBF871} = {261237A8-173B-4D6F-8E33-5441E8AB20F9}
		{31EFD499-EC4E-4665-AC55-32C1E7F4D44F} = {261237A8-173B-4D6F-8E33-5441E8AB20F9}
		{6EB7C172-90C5-44AC-81A2-80EBA4DDA3C2} = {B96A36CA-B03A-450D-9824-A831DA9B5AFB}
		{67B20F5B-2E67-4006-9BF2-FAE9513B7F7B} = {B96A36CA-B03A-450D-9824-A831DA9B5AFB}
		{4395C0F0-4D8F-41E3-8696-7924F1BFDA61} = {B96A36CA-B03A-450D-9824-A831DA9B5AFB}
		{0A0E9EC4-2EC3-4F43-98E4-D2F214BD659F} = {904A40AB-BDBD-4702-9916-50F5D8FB18CB}
		{5ACCA121-989E-44CA-B398-A96C1EEAEF3D} = {904A40AB-BDBD-4702-9916-50F5D8FB18CB}
		{0E9D9CA9-3919-4AC8-9ABD-DDC573D71712} = {904A40AB-BDBD-4702-9916-50F5D8FB18CB}
		{6A85C5CE-E499-4C71-8510-C369C42B5253} = {196DE92A-8E06-4E50-8871-90DF9AB3ECD2}
		{023B8B21-56E4-4BB0-A3E2-5118650C3B90} = {196DE92A-8E06-4E50-8871-90DF9AB3ECD2}
		{5EBC9EE3-89BF-4904-978A-0AC36FCF156C} = {196DE92A-8E06-4E50-8871-90DF9AB3ECD2}
	EndGlobalSection
	GlobalSection(ExtensibilityGlobals) = postSolution
		SolutionGuid = {80551B34-F30B-4795-8A89-D8EA044CBCFF}
	EndGlobalSection
EndGlobal
